{
  "name": "testproject",
  "version": "1.0.0",
  "lockfileVersion": 2,
  "requires": true,
  "packages": {
    "": {
      "name": "testproject",
      "version": "1.0.0",
      "license": "ISC"
    },
    "../tool": {
      "version": "1.0.0",
      "extraneous": true,
      "license": "ISC",
      "bin": {
        "binary1": "bin/index.js",
        "binary2": "some-other-file.js",
        "binary3": "some/subdirectory/and-another.js"
      }
    }
  }
}
